// !$*UTF8*$!
{
	archiveVersion = 1;
	classes = {
	};
	objectVersion = 51;
	objects = {

/* Begin PBXBuildFile section */
		2F2B10CB54990DE9204CE8D7 /* Pods_BarionGazal.framework in Frameworks */ = {isa = PBXBuildFile; fileRef = 2292E050BA965A2BCE52AF87 /* Pods_BarionGazal.framework */; };
		4CD529E1ADFB0ECE8E3EC7D1 /* Pods_BarionGazal_BarionGazalUITests.framework in Frameworks */ = {isa = PBXBuildFile; fileRef = 4A55DD2ABDBFD431DD12EADA /* Pods_BarionGazal_BarionGazalUITests.framework */; };
		5631E6D7241FFFE2007893E6 /* Level2.sks in Resources */ = {isa = PBXBuildFile; fileRef = 5631E6CB241FFFE2007893E6 /* Level2.sks */; };
		5631E6D9241FFFE2007893E6 /* Level9.sks in Resources */ = {isa = PBXBuildFile; fileRef = 5631E6CD241FFFE2007893E6 /* Level9.sks */; };
		5631E6DB241FFFE2007893E6 /* Level6.sks in Resources */ = {isa = PBXBuildFile; fileRef = 5631E6CF241FFFE2007893E6 /* Level6.sks */; };
		5631E6DC241FFFE2007893E6 /* Level4.sks in Resources */ = {isa = PBXBuildFile; fileRef = 5631E6D0241FFFE2007893E6 /* Level4.sks */; };
		5631E6DD241FFFE2007893E6 /* Level3.sks in Resources */ = {isa = PBXBuildFile; fileRef = 5631E6D1241FFFE2007893E6 /* Level3.sks */; };
		5631E6DE241FFFE2007893E6 /* Level5.sks in Resources */ = {isa = PBXBuildFile; fileRef = 5631E6D2241FFFE2007893E6 /* Level5.sks */; };
		5631E6DF241FFFE2007893E6 /* Level8.sks in Resources */ = {isa = PBXBuildFile; fileRef = 5631E6D3241FFFE2007893E6 /* Level8.sks */; };
		5631E6E2241FFFE2007893E6 /* Level10.sks in Resources */ = {isa = PBXBuildFile; fileRef = 5631E6D6241FFFE2007893E6 /* Level10.sks */; };
		5631E6E42420000F007893E6 /* Level1.sks in Resources */ = {isa = PBXBuildFile; fileRef = 5631E6E32420000F007893E6 /* Level1.sks */; };
		563343B5241C278C009F504D /* cenaprincipal.json in Resources */ = {isa = PBXBuildFile; fileRef = 563343B4241C278C009F504D /* cenaprincipal.json */; };
		56762A1924102F5D00952ECE /* MenuViewController.swift in Sources */ = {isa = PBXBuildFile; fileRef = 56762A1824102F5D00952ECE /* MenuViewController.swift */; };
		56762A1B24102FD900952ECE /* FaseCollectionViewCell.swift in Sources */ = {isa = PBXBuildFile; fileRef = 56762A1A24102FD900952ECE /* FaseCollectionViewCell.swift */; };
		56762A1E24104E7400952ECE /* Model.swift in Sources */ = {isa = PBXBuildFile; fileRef = 56762A1D24104E7400952ECE /* Model.swift */; };
		568FB066240EDCE60051C89B /* AppDelegate.swift in Sources */ = {isa = PBXBuildFile; fileRef = 568FB065240EDCE60051C89B /* AppDelegate.swift */; };
		568FB06A240EDCE60051C89B /* Actions.sks in Resources */ = {isa = PBXBuildFile; fileRef = 568FB069240EDCE60051C89B /* Actions.sks */; };
		568FB06C240EDCE60051C89B /* GameScene.swift in Sources */ = {isa = PBXBuildFile; fileRef = 568FB06B240EDCE60051C89B /* GameScene.swift */; };
		568FB06E240EDCE60051C89B /* GameViewController.swift in Sources */ = {isa = PBXBuildFile; fileRef = 568FB06D240EDCE60051C89B /* GameViewController.swift */; };
		568FB071240EDCE60051C89B /* Main.storyboard in Resources */ = {isa = PBXBuildFile; fileRef = 568FB06F240EDCE60051C89B /* Main.storyboard */; };
		568FB073240EDCEB0051C89B /* Assets.xcassets in Resources */ = {isa = PBXBuildFile; fileRef = 568FB072240EDCEB0051C89B /* Assets.xcassets */; };
		568FB076240EDCEB0051C89B /* LaunchScreen.storyboard in Resources */ = {isa = PBXBuildFile; fileRef = 568FB074240EDCEB0051C89B /* LaunchScreen.storyboard */; };
		568FB081240EDCEB0051C89B /* BarionGazalTests.swift in Sources */ = {isa = PBXBuildFile; fileRef = 568FB080240EDCEB0051C89B /* BarionGazalTests.swift */; };
		568FB08C240EDCEB0051C89B /* BarionGazalUITests.swift in Sources */ = {isa = PBXBuildFile; fileRef = 568FB08B240EDCEB0051C89B /* BarionGazalUITests.swift */; };
		56A40938242022F800D8B0C1 /* Level7.sks in Resources */ = {isa = PBXBuildFile; fileRef = 56A40937242022F800D8B0C1 /* Level7.sks */; };
		56A4093E2420286D00D8B0C1 /* Level11.sks in Resources */ = {isa = PBXBuildFile; fileRef = 56A409392420286C00D8B0C1 /* Level11.sks */; };
		56A4093F2420286D00D8B0C1 /* Level13.sks in Resources */ = {isa = PBXBuildFile; fileRef = 56A4093A2420286D00D8B0C1 /* Level13.sks */; };
		56A409402420286D00D8B0C1 /* Level14.sks in Resources */ = {isa = PBXBuildFile; fileRef = 56A4093B2420286D00D8B0C1 /* Level14.sks */; };
		56A409412420286D00D8B0C1 /* Level12.sks in Resources */ = {isa = PBXBuildFile; fileRef = 56A4093C2420286D00D8B0C1 /* Level12.sks */; };
		56A409422420286D00D8B0C1 /* Level15.sks in Resources */ = {isa = PBXBuildFile; fileRef = 56A4093D2420286D00D8B0C1 /* Level15.sks */; };
		56A40944242145A900D8B0C1 /* GoogleService-Info.plist in Resources */ = {isa = PBXBuildFile; fileRef = 56A40943242145A900D8B0C1 /* GoogleService-Info.plist */; };
		56E6F9652419DAC000F5B93E /* CircledButton.swift in Sources */ = {isa = PBXBuildFile; fileRef = 56E6F9642419DAC000F5B93E /* CircledButton.swift */; };
		56E6F9672419DB9800F5B93E /* BudokanRounded-Bold.ttf in Resources */ = {isa = PBXBuildFile; fileRef = 56E6F9662419DB7500F5B93E /* BudokanRounded-Bold.ttf */; };
		56E6F9692419DFED00F5B93E /* EditableView.swift in Sources */ = {isa = PBXBuildFile; fileRef = 56E6F9682419DFED00F5B93E /* EditableView.swift */; };
		56E6F96E241A9F5500F5B93E /* AudioLibrary.swift in Sources */ = {isa = PBXBuildFile; fileRef = 56E6F96A241A9F5400F5B93E /* AudioLibrary.swift */; };
		56E6F96F241A9F5500F5B93E /* AudioManager.swift in Sources */ = {isa = PBXBuildFile; fileRef = 56E6F96B241A9F5500F5B93E /* AudioManager.swift */; };
		56E6F970241A9F5500F5B93E /* Song.swift in Sources */ = {isa = PBXBuildFile; fileRef = 56E6F96C241A9F5500F5B93E /* Song.swift */; };
		56E6F971241A9F5500F5B93E /* SoundEffects.swift in Sources */ = {isa = PBXBuildFile; fileRef = 56E6F96D241A9F5500F5B93E /* SoundEffects.swift */; };
		56E6F975241AA08000F5B93E /* click.mp3 in Resources */ = {isa = PBXBuildFile; fileRef = 56E6F974241AA08000F5B93E /* click.mp3 */; };
		56E6F977241AA14B00F5B93E /* StartViewController.swift in Sources */ = {isa = PBXBuildFile; fileRef = 56E6F976241AA14B00F5B93E /* StartViewController.swift */; };
		56E6F979241AAD6E00F5B93E /* SettingsViewController.swift in Sources */ = {isa = PBXBuildFile; fileRef = 56E6F978241AAD6E00F5B93E /* SettingsViewController.swift */; };
		56E6F97B241AB60F00F5B93E /* GameOverWonViewController.swift in Sources */ = {isa = PBXBuildFile; fileRef = 56E6F97A241AB60F00F5B93E /* GameOverWonViewController.swift */; };
		86031C62D5C35BB1F7E2AFF5 /* Pods_BarionGazalTests.framework in Frameworks */ = {isa = PBXBuildFile; fileRef = B7F250C6181942B857F65467 /* Pods_BarionGazalTests.framework */; };
/* End PBXBuildFile section */

/* Begin PBXContainerItemProxy section */
		568FB07D240EDCEB0051C89B /* PBXContainerItemProxy */ = {
			isa = PBXContainerItemProxy;
			containerPortal = 568FB05A240EDCE60051C89B /* Project object */;
			proxyType = 1;
			remoteGlobalIDString = 568FB061240EDCE60051C89B;
			remoteInfo = BarionGazal;
		};
		568FB088240EDCEB0051C89B /* PBXContainerItemProxy */ = {
			isa = PBXContainerItemProxy;
			containerPortal = 568FB05A240EDCE60051C89B /* Project object */;
			proxyType = 1;
			remoteGlobalIDString = 568FB061240EDCE60051C89B;
			remoteInfo = BarionGazal;
		};
/* End PBXContainerItemProxy section */

/* Begin PBXFileReference section */
		2292E050BA965A2BCE52AF87 /* Pods_BarionGazal.framework */ = {isa = PBXFileReference; explicitFileType = wrapper.framework; includeInIndex = 0; path = Pods_BarionGazal.framework; sourceTree = BUILT_PRODUCTS_DIR; };
		24355588AB7E67DABE85E2C1 /* Pods-BarionGazal-BarionGazalUITests.debug.xcconfig */ = {isa = PBXFileReference; includeInIndex = 1; lastKnownFileType = text.xcconfig; name = "Pods-BarionGazal-BarionGazalUITests.debug.xcconfig"; path = "Target Support Files/Pods-BarionGazal-BarionGazalUITests/Pods-BarionGazal-BarionGazalUITests.debug.xcconfig"; sourceTree = "<group>"; };
		2F9B36BA23E717B7C1C0F32E /* Pods-BarionGazalTests.debug.xcconfig */ = {isa = PBXFileReference; includeInIndex = 1; lastKnownFileType = text.xcconfig; name = "Pods-BarionGazalTests.debug.xcconfig"; path = "Target Support Files/Pods-BarionGazalTests/Pods-BarionGazalTests.debug.xcconfig"; sourceTree = "<group>"; };
		4A55DD2ABDBFD431DD12EADA /* Pods_BarionGazal_BarionGazalUITests.framework */ = {isa = PBXFileReference; explicitFileType = wrapper.framework; includeInIndex = 0; path = Pods_BarionGazal_BarionGazalUITests.framework; sourceTree = BUILT_PRODUCTS_DIR; };
		5631E6CB241FFFE2007893E6 /* Level2.sks */ = {isa = PBXFileReference; lastKnownFileType = file.sks; path = Level2.sks; sourceTree = "<group>"; };
		5631E6CD241FFFE2007893E6 /* Level9.sks */ = {isa = PBXFileReference; lastKnownFileType = file.sks; path = Level9.sks; sourceTree = "<group>"; };
		5631E6CF241FFFE2007893E6 /* Level6.sks */ = {isa = PBXFileReference; lastKnownFileType = file.sks; path = Level6.sks; sourceTree = "<group>"; };
		5631E6D0241FFFE2007893E6 /* Level4.sks */ = {isa = PBXFileReference; lastKnownFileType = file.sks; path = Level4.sks; sourceTree = "<group>"; };
		5631E6D1241FFFE2007893E6 /* Level3.sks */ = {isa = PBXFileReference; lastKnownFileType = file.sks; path = Level3.sks; sourceTree = "<group>"; };
		5631E6D2241FFFE2007893E6 /* Level5.sks */ = {isa = PBXFileReference; lastKnownFileType = file.sks; path = Level5.sks; sourceTree = "<group>"; };
		5631E6D3241FFFE2007893E6 /* Level8.sks */ = {isa = PBXFileReference; lastKnownFileType = file.sks; path = Level8.sks; sourceTree = "<group>"; };
		5631E6D6241FFFE2007893E6 /* Level10.sks */ = {isa = PBXFileReference; lastKnownFileType = file.sks; path = Level10.sks; sourceTree = "<group>"; };
		5631E6E32420000F007893E6 /* Level1.sks */ = {isa = PBXFileReference; lastKnownFileType = file.sks; path = Level1.sks; sourceTree = "<group>"; };
		563343B4241C278C009F504D /* cenaprincipal.json */ = {isa = PBXFileReference; fileEncoding = 4; lastKnownFileType = text.json; name = cenaprincipal.json; path = ../../../../../../../../Downloads/cenaprincipal.json; sourceTree = "<group>"; };
		56762A1824102F5D00952ECE /* MenuViewController.swift */ = {isa = PBXFileReference; lastKnownFileType = sourcecode.swift; path = MenuViewController.swift; sourceTree = "<group>"; };
		56762A1A24102FD900952ECE /* FaseCollectionViewCell.swift */ = {isa = PBXFileReference; lastKnownFileType = sourcecode.swift; path = FaseCollectionViewCell.swift; sourceTree = "<group>"; };
		56762A1D24104E7400952ECE /* Model.swift */ = {isa = PBXFileReference; lastKnownFileType = sourcecode.swift; path = Model.swift; sourceTree = "<group>"; };
		568FB062240EDCE60051C89B /* Emotional Blocks.app */ = {isa = PBXFileReference; explicitFileType = wrapper.application; includeInIndex = 0; path = "Emotional Blocks.app"; sourceTree = BUILT_PRODUCTS_DIR; };
		568FB065240EDCE60051C89B /* AppDelegate.swift */ = {isa = PBXFileReference; lastKnownFileType = sourcecode.swift; path = AppDelegate.swift; sourceTree = "<group>"; };
		568FB069240EDCE60051C89B /* Actions.sks */ = {isa = PBXFileReference; lastKnownFileType = file.sks; path = Actions.sks; sourceTree = "<group>"; };
		568FB06B240EDCE60051C89B /* GameScene.swift */ = {isa = PBXFileReference; lastKnownFileType = sourcecode.swift; path = GameScene.swift; sourceTree = "<group>"; };
		568FB06D240EDCE60051C89B /* GameViewController.swift */ = {isa = PBXFileReference; lastKnownFileType = sourcecode.swift; path = GameViewController.swift; sourceTree = "<group>"; };
		568FB070240EDCE60051C89B /* Base */ = {isa = PBXFileReference; lastKnownFileType = file.storyboard; name = Base; path = Base.lproj/Main.storyboard; sourceTree = "<group>"; };
		568FB072240EDCEB0051C89B /* Assets.xcassets */ = {isa = PBXFileReference; lastKnownFileType = folder.assetcatalog; path = Assets.xcassets; sourceTree = "<group>"; };
		568FB075240EDCEB0051C89B /* Base */ = {isa = PBXFileReference; lastKnownFileType = file.storyboard; name = Base; path = Base.lproj/LaunchScreen.storyboard; sourceTree = "<group>"; };
		568FB077240EDCEB0051C89B /* Info.plist */ = {isa = PBXFileReference; lastKnownFileType = text.plist.xml; path = Info.plist; sourceTree = "<group>"; };
		568FB07C240EDCEB0051C89B /* BarionGazalTests.xctest */ = {isa = PBXFileReference; explicitFileType = wrapper.cfbundle; includeInIndex = 0; path = BarionGazalTests.xctest; sourceTree = BUILT_PRODUCTS_DIR; };
		568FB080240EDCEB0051C89B /* BarionGazalTests.swift */ = {isa = PBXFileReference; lastKnownFileType = sourcecode.swift; path = BarionGazalTests.swift; sourceTree = "<group>"; };
		568FB082240EDCEB0051C89B /* Info.plist */ = {isa = PBXFileReference; lastKnownFileType = text.plist.xml; path = Info.plist; sourceTree = "<group>"; };
		568FB087240EDCEB0051C89B /* BarionGazalUITests.xctest */ = {isa = PBXFileReference; explicitFileType = wrapper.cfbundle; includeInIndex = 0; path = BarionGazalUITests.xctest; sourceTree = BUILT_PRODUCTS_DIR; };
		568FB08B240EDCEB0051C89B /* BarionGazalUITests.swift */ = {isa = PBXFileReference; lastKnownFileType = sourcecode.swift; path = BarionGazalUITests.swift; sourceTree = "<group>"; };
		568FB08D240EDCEB0051C89B /* Info.plist */ = {isa = PBXFileReference; lastKnownFileType = text.plist.xml; path = Info.plist; sourceTree = "<group>"; };
		56A40937242022F800D8B0C1 /* Level7.sks */ = {isa = PBXFileReference; lastKnownFileType = file.sks; path = Level7.sks; sourceTree = "<group>"; };
		56A409392420286C00D8B0C1 /* Level11.sks */ = {isa = PBXFileReference; lastKnownFileType = file.sks; path = Level11.sks; sourceTree = "<group>"; };
		56A4093A2420286D00D8B0C1 /* Level13.sks */ = {isa = PBXFileReference; lastKnownFileType = file.sks; path = Level13.sks; sourceTree = "<group>"; };
		56A4093B2420286D00D8B0C1 /* Level14.sks */ = {isa = PBXFileReference; lastKnownFileType = file.sks; path = Level14.sks; sourceTree = "<group>"; };
		56A4093C2420286D00D8B0C1 /* Level12.sks */ = {isa = PBXFileReference; lastKnownFileType = file.sks; path = Level12.sks; sourceTree = "<group>"; };
		56A4093D2420286D00D8B0C1 /* Level15.sks */ = {isa = PBXFileReference; lastKnownFileType = file.sks; path = Level15.sks; sourceTree = "<group>"; };
		56A40943242145A900D8B0C1 /* GoogleService-Info.plist */ = {isa = PBXFileReference; fileEncoding = 4; lastKnownFileType = text.plist.xml; path = "GoogleService-Info.plist"; sourceTree = "<group>"; };
		56E6F9642419DAC000F5B93E /* CircledButton.swift */ = {isa = PBXFileReference; lastKnownFileType = sourcecode.swift; path = CircledButton.swift; sourceTree = "<group>"; };
		56E6F9662419DB7500F5B93E /* BudokanRounded-Bold.ttf */ = {isa = PBXFileReference; lastKnownFileType = file; name = "BudokanRounded-Bold.ttf"; path = "../../../../../../../Downloads/budokan_rounded/BudokanRounded-Bold.ttf"; sourceTree = "<group>"; };
		56E6F9682419DFED00F5B93E /* EditableView.swift */ = {isa = PBXFileReference; lastKnownFileType = sourcecode.swift; path = EditableView.swift; sourceTree = "<group>"; };
		56E6F96A241A9F5400F5B93E /* AudioLibrary.swift */ = {isa = PBXFileReference; fileEncoding = 4; lastKnownFileType = sourcecode.swift; path = AudioLibrary.swift; sourceTree = "<group>"; };
		56E6F96B241A9F5500F5B93E /* AudioManager.swift */ = {isa = PBXFileReference; fileEncoding = 4; lastKnownFileType = sourcecode.swift; path = AudioManager.swift; sourceTree = "<group>"; };
		56E6F96C241A9F5500F5B93E /* Song.swift */ = {isa = PBXFileReference; fileEncoding = 4; lastKnownFileType = sourcecode.swift; path = Song.swift; sourceTree = "<group>"; };
		56E6F96D241A9F5500F5B93E /* SoundEffects.swift */ = {isa = PBXFileReference; fileEncoding = 4; lastKnownFileType = sourcecode.swift; path = SoundEffects.swift; sourceTree = "<group>"; };
		56E6F974241AA08000F5B93E /* click.mp3 */ = {isa = PBXFileReference; lastKnownFileType = audio.mp3; path = click.mp3; sourceTree = "<group>"; };
		56E6F976241AA14B00F5B93E /* StartViewController.swift */ = {isa = PBXFileReference; lastKnownFileType = sourcecode.swift; path = StartViewController.swift; sourceTree = "<group>"; };
		56E6F978241AAD6E00F5B93E /* SettingsViewController.swift */ = {isa = PBXFileReference; lastKnownFileType = sourcecode.swift; path = SettingsViewController.swift; sourceTree = "<group>"; };
		56E6F97A241AB60F00F5B93E /* GameOverWonViewController.swift */ = {isa = PBXFileReference; lastKnownFileType = sourcecode.swift; path = GameOverWonViewController.swift; sourceTree = "<group>"; };
		57753C0245A08673621F98B0 /* Pods-BarionGazal.release.xcconfig */ = {isa = PBXFileReference; includeInIndex = 1; lastKnownFileType = text.xcconfig; name = "Pods-BarionGazal.release.xcconfig"; path = "Target Support Files/Pods-BarionGazal/Pods-BarionGazal.release.xcconfig"; sourceTree = "<group>"; };
		649D83FB7F80D4949B478029 /* Pods-BarionGazal-BarionGazalUITests.release.xcconfig */ = {isa = PBXFileReference; includeInIndex = 1; lastKnownFileType = text.xcconfig; name = "Pods-BarionGazal-BarionGazalUITests.release.xcconfig"; path = "Target Support Files/Pods-BarionGazal-BarionGazalUITests/Pods-BarionGazal-BarionGazalUITests.release.xcconfig"; sourceTree = "<group>"; };
		6663E585FD34D78287E9712E /* Pods-BarionGazalTests.release.xcconfig */ = {isa = PBXFileReference; includeInIndex = 1; lastKnownFileType = text.xcconfig; name = "Pods-BarionGazalTests.release.xcconfig"; path = "Target Support Files/Pods-BarionGazalTests/Pods-BarionGazalTests.release.xcconfig"; sourceTree = "<group>"; };
		8D4740330A1F35FE606E2B7A /* Pods-BarionGazal.debug.xcconfig */ = {isa = PBXFileReference; includeInIndex = 1; lastKnownFileType = text.xcconfig; name = "Pods-BarionGazal.debug.xcconfig"; path = "Target Support Files/Pods-BarionGazal/Pods-BarionGazal.debug.xcconfig"; sourceTree = "<group>"; };
		B7F250C6181942B857F65467 /* Pods_BarionGazalTests.framework */ = {isa = PBXFileReference; explicitFileType = wrapper.framework; includeInIndex = 0; path = Pods_BarionGazalTests.framework; sourceTree = BUILT_PRODUCTS_DIR; };
/* End PBXFileReference section */

/* Begin PBXFrameworksBuildPhase section */
		568FB05F240EDCE60051C89B /* Frameworks */ = {
			isa = PBXFrameworksBuildPhase;
			buildActionMask = 2147483647;
			files = (
				2F2B10CB54990DE9204CE8D7 /* Pods_BarionGazal.framework in Frameworks */,
			);
			runOnlyForDeploymentPostprocessing = 0;
		};
		568FB079240EDCEB0051C89B /* Frameworks */ = {
			isa = PBXFrameworksBuildPhase;
			buildActionMask = 2147483647;
			files = (
				86031C62D5C35BB1F7E2AFF5 /* Pods_BarionGazalTests.framework in Frameworks */,
			);
			runOnlyForDeploymentPostprocessing = 0;
		};
		568FB084240EDCEB0051C89B /* Frameworks */ = {
			isa = PBXFrameworksBuildPhase;
			buildActionMask = 2147483647;
			files = (
				4CD529E1ADFB0ECE8E3EC7D1 /* Pods_BarionGazal_BarionGazalUITests.framework in Frameworks */,
			);
			runOnlyForDeploymentPostprocessing = 0;
		};
/* End PBXFrameworksBuildPhase section */

/* Begin PBXGroup section */
		34D47E895A62F14342DD7A3C /* Pods */ = {
			isa = PBXGroup;
			children = (
				8D4740330A1F35FE606E2B7A /* Pods-BarionGazal.debug.xcconfig */,
				57753C0245A08673621F98B0 /* Pods-BarionGazal.release.xcconfig */,
				24355588AB7E67DABE85E2C1 /* Pods-BarionGazal-BarionGazalUITests.debug.xcconfig */,
				649D83FB7F80D4949B478029 /* Pods-BarionGazal-BarionGazalUITests.release.xcconfig */,
				2F9B36BA23E717B7C1C0F32E /* Pods-BarionGazalTests.debug.xcconfig */,
				6663E585FD34D78287E9712E /* Pods-BarionGazalTests.release.xcconfig */,
			);
			path = Pods;
			sourceTree = "<group>";
		};
		56762A1C24104E6800952ECE /* Model */ = {
			isa = PBXGroup;
			children = (
				56762A1D24104E7400952ECE /* Model.swift */,
			);
			path = Model;
			sourceTree = "<group>";
		};
		568FB059240EDCE60051C89B = {
			isa = PBXGroup;
			children = (
				568FB064240EDCE60051C89B /* BarionGazal */,
				568FB07F240EDCEB0051C89B /* BarionGazalTests */,
				568FB08A240EDCEB0051C89B /* BarionGazalUITests */,
				568FB063240EDCE60051C89B /* Products */,
				34D47E895A62F14342DD7A3C /* Pods */,
				D967DA962A6384DFFAEDEEB3 /* Frameworks */,
			);
			sourceTree = "<group>";
		};
		568FB063240EDCE60051C89B /* Products */ = {
			isa = PBXGroup;
			children = (
				568FB062240EDCE60051C89B /* Emotional Blocks.app */,
				568FB07C240EDCEB0051C89B /* BarionGazalTests.xctest */,
				568FB087240EDCEB0051C89B /* BarionGazalUITests.xctest */,
			);
			name = Products;
			sourceTree = "<group>";
		};
		568FB064240EDCE60051C89B /* BarionGazal */ = {
			isa = PBXGroup;
			children = (
				56E6F9632419DAA000F5B93E /* Resources */,
				56762A1C24104E6800952ECE /* Model */,
				568FB09B241029060051C89B /* Controller */,
				568FB09A241028F90051C89B /* Fases */,
				568FB069240EDCE60051C89B /* Actions.sks */,
				568FB09C241029150051C89B /* View */,
				568FB072240EDCEB0051C89B /* Assets.xcassets */,
				56A40943242145A900D8B0C1 /* GoogleService-Info.plist */,
				568FB077240EDCEB0051C89B /* Info.plist */,
			);
			path = BarionGazal;
			sourceTree = "<group>";
		};
		568FB07F240EDCEB0051C89B /* BarionGazalTests */ = {
			isa = PBXGroup;
			children = (
				568FB080240EDCEB0051C89B /* BarionGazalTests.swift */,
				568FB082240EDCEB0051C89B /* Info.plist */,
			);
			path = BarionGazalTests;
			sourceTree = "<group>";
		};
		568FB08A240EDCEB0051C89B /* BarionGazalUITests */ = {
			isa = PBXGroup;
			children = (
				568FB08B240EDCEB0051C89B /* BarionGazalUITests.swift */,
				568FB08D240EDCEB0051C89B /* Info.plist */,
			);
			path = BarionGazalUITests;
			sourceTree = "<group>";
		};
		568FB09A241028F90051C89B /* Fases */ = {
			isa = PBXGroup;
			children = (
				5631E6E32420000F007893E6 /* Level1.sks */,
				5631E6CB241FFFE2007893E6 /* Level2.sks */,
				5631E6D1241FFFE2007893E6 /* Level3.sks */,
				5631E6D0241FFFE2007893E6 /* Level4.sks */,
				5631E6D2241FFFE2007893E6 /* Level5.sks */,
				5631E6CF241FFFE2007893E6 /* Level6.sks */,
				56A40937242022F800D8B0C1 /* Level7.sks */,
				5631E6D3241FFFE2007893E6 /* Level8.sks */,
				5631E6CD241FFFE2007893E6 /* Level9.sks */,
				5631E6D6241FFFE2007893E6 /* Level10.sks */,
				56A409392420286C00D8B0C1 /* Level11.sks */,
				56A4093C2420286D00D8B0C1 /* Level12.sks */,
				56A4093A2420286D00D8B0C1 /* Level13.sks */,
				56A4093B2420286D00D8B0C1 /* Level14.sks */,
				56A4093D2420286D00D8B0C1 /* Level15.sks */,
				568FB06B240EDCE60051C89B /* GameScene.swift */,
			);
			path = Fases;
			sourceTree = "<group>";
		};
		568FB09B241029060051C89B /* Controller */ = {
			isa = PBXGroup;
			children = (
				568FB06D240EDCE60051C89B /* GameViewController.swift */,
				56762A1824102F5D00952ECE /* MenuViewController.swift */,
				568FB065240EDCE60051C89B /* AppDelegate.swift */,
				56E6F97A241AB60F00F5B93E /* GameOverWonViewController.swift */,
				56762A1A24102FD900952ECE /* FaseCollectionViewCell.swift */,
				56E6F976241AA14B00F5B93E /* StartViewController.swift */,
				56E6F978241AAD6E00F5B93E /* SettingsViewController.swift */,
			);
			path = Controller;
			sourceTree = "<group>";
		};
		568FB09C241029150051C89B /* View */ = {
			isa = PBXGroup;
			children = (
				568FB06F240EDCE60051C89B /* Main.storyboard */,
				568FB074240EDCEB0051C89B /* LaunchScreen.storyboard */,
			);
			path = View;
			sourceTree = "<group>";
		};
		56E6F9632419DAA000F5B93E /* Resources */ = {
			isa = PBXGroup;
			children = (
				56E6F982241C223F00F5B93E /* Animations */,
				56E6F973241A9FF900F5B93E /* Sounds */,
				56E6F9662419DB7500F5B93E /* BudokanRounded-Bold.ttf */,
				56E6F9642419DAC000F5B93E /* CircledButton.swift */,
				56E6F9682419DFED00F5B93E /* EditableView.swift */,
			);
			path = Resources;
			sourceTree = "<group>";
		};
		56E6F973241A9FF900F5B93E /* Sounds */ = {
			isa = PBXGroup;
			children = (
				56E6F974241AA08000F5B93E /* click.mp3 */,
				56E6F96A241A9F5400F5B93E /* AudioLibrary.swift */,
				56E6F96B241A9F5500F5B93E /* AudioManager.swift */,
				56E6F96C241A9F5500F5B93E /* Song.swift */,
				56E6F96D241A9F5500F5B93E /* SoundEffects.swift */,
			);
			path = Sounds;
			sourceTree = "<group>";
		};
		56E6F982241C223F00F5B93E /* Animations */ = {
			isa = PBXGroup;
			children = (
				563343B4241C278C009F504D /* cenaprincipal.json */,
			);
			path = Animations;
			sourceTree = "<group>";
		};
		D967DA962A6384DFFAEDEEB3 /* Frameworks */ = {
			isa = PBXGroup;
			children = (
				2292E050BA965A2BCE52AF87 /* Pods_BarionGazal.framework */,
				4A55DD2ABDBFD431DD12EADA /* Pods_BarionGazal_BarionGazalUITests.framework */,
				B7F250C6181942B857F65467 /* Pods_BarionGazalTests.framework */,
			);
			name = Frameworks;
			sourceTree = "<group>";
		};
/* End PBXGroup section */

/* Begin PBXNativeTarget section */
		568FB061240EDCE60051C89B /* BarionGazal */ = {
			isa = PBXNativeTarget;
			buildConfigurationList = 568FB090240EDCEB0051C89B /* Build configuration list for PBXNativeTarget "BarionGazal" */;
			buildPhases = (
				3A371D37267FBD7DC352C208 /* [CP] Check Pods Manifest.lock */,
				568FB05E240EDCE60051C89B /* Sources */,
				568FB05F240EDCE60051C89B /* Frameworks */,
				568FB060240EDCE60051C89B /* Resources */,
				D06D2B1B9CCC7F8BD865FEF6 /* [CP] Embed Pods Frameworks */,
			);
			buildRules = (
			);
			dependencies = (
			);
			name = BarionGazal;
			productName = BarionGazal;
			productReference = 568FB062240EDCE60051C89B /* Emotional Blocks.app */;
			productType = "com.apple.product-type.application";
		};
		568FB07B240EDCEB0051C89B /* BarionGazalTests */ = {
			isa = PBXNativeTarget;
			buildConfigurationList = 568FB093240EDCEB0051C89B /* Build configuration list for PBXNativeTarget "BarionGazalTests" */;
			buildPhases = (
				8398CF6C24B4D73340B7A74E /* [CP] Check Pods Manifest.lock */,
				568FB078240EDCEB0051C89B /* Sources */,
				568FB079240EDCEB0051C89B /* Frameworks */,
				568FB07A240EDCEB0051C89B /* Resources */,
			);
			buildRules = (
			);
			dependencies = (
				568FB07E240EDCEB0051C89B /* PBXTargetDependency */,
			);
			name = BarionGazalTests;
			productName = BarionGazalTests;
			productReference = 568FB07C240EDCEB0051C89B /* BarionGazalTests.xctest */;
			productType = "com.apple.product-type.bundle.unit-test";
		};
		568FB086240EDCEB0051C89B /* BarionGazalUITests */ = {
			isa = PBXNativeTarget;
			buildConfigurationList = 568FB096240EDCEB0051C89B /* Build configuration list for PBXNativeTarget "BarionGazalUITests" */;
			buildPhases = (
				BAB8DCD633D3F66FE58EC229 /* [CP] Check Pods Manifest.lock */,
				568FB083240EDCEB0051C89B /* Sources */,
				568FB084240EDCEB0051C89B /* Frameworks */,
				568FB085240EDCEB0051C89B /* Resources */,
				D9E2053D7F3B1CF002A4E6D0 /* [CP] Embed Pods Frameworks */,
			);
			buildRules = (
			);
			dependencies = (
				568FB089240EDCEB0051C89B /* PBXTargetDependency */,
			);
			name = BarionGazalUITests;
			productName = BarionGazalUITests;
			productReference = 568FB087240EDCEB0051C89B /* BarionGazalUITests.xctest */;
			productType = "com.apple.product-type.bundle.ui-testing";
		};
/* End PBXNativeTarget section */

/* Begin PBXProject section */
		568FB05A240EDCE60051C89B /* Project object */ = {
			isa = PBXProject;
			attributes = {
				LastSwiftUpdateCheck = 1130;
				LastUpgradeCheck = 1130;
				ORGANIZATIONNAME = "Gabriel Gazal";
				TargetAttributes = {
					568FB061240EDCE60051C89B = {
						CreatedOnToolsVersion = 11.3.1;
					};
					568FB07B240EDCEB0051C89B = {
						CreatedOnToolsVersion = 11.3.1;
						TestTargetID = 568FB061240EDCE60051C89B;
					};
					568FB086240EDCEB0051C89B = {
						CreatedOnToolsVersion = 11.3.1;
						TestTargetID = 568FB061240EDCE60051C89B;
					};
				};
			};
			buildConfigurationList = 568FB05D240EDCE60051C89B /* Build configuration list for PBXProject "BarionGazal" */;
			compatibilityVersion = "Xcode 9.3";
			developmentRegion = en;
			hasScannedForEncodings = 0;
			knownRegions = (
				en,
				Base,
			);
			mainGroup = 568FB059240EDCE60051C89B;
			productRefGroup = 568FB063240EDCE60051C89B /* Products */;
			projectDirPath = "";
			projectRoot = "";
			targets = (
				568FB061240EDCE60051C89B /* BarionGazal */,
				568FB07B240EDCEB0051C89B /* BarionGazalTests */,
				568FB086240EDCEB0051C89B /* BarionGazalUITests */,
			);
		};
/* End PBXProject section */

/* Begin PBXResourcesBuildPhase section */
		568FB060240EDCE60051C89B /* Resources */ = {
			isa = PBXResourcesBuildPhase;
			buildActionMask = 2147483647;
			files = (
				56E6F9672419DB9800F5B93E /* BudokanRounded-Bold.ttf in Resources */,
				568FB071240EDCE60051C89B /* Main.storyboard in Resources */,
				5631E6DD241FFFE2007893E6 /* Level3.sks in Resources */,
				5631E6D7241FFFE2007893E6 /* Level2.sks in Resources */,
				5631E6DC241FFFE2007893E6 /* Level4.sks in Resources */,
				5631E6E2241FFFE2007893E6 /* Level10.sks in Resources */,
				56A4093E2420286D00D8B0C1 /* Level11.sks in Resources */,
				5631E6E42420000F007893E6 /* Level1.sks in Resources */,
				568FB073240EDCEB0051C89B /* Assets.xcassets in Resources */,
				5631E6DF241FFFE2007893E6 /* Level8.sks in Resources */,
				568FB076240EDCEB0051C89B /* LaunchScreen.storyboard in Resources */,
				56A40938242022F800D8B0C1 /* Level7.sks in Resources */,
				5631E6DE241FFFE2007893E6 /* Level5.sks in Resources */,
				568FB06A240EDCE60051C89B /* Actions.sks in Resources */,
				563343B5241C278C009F504D /* cenaprincipal.json in Resources */,
				56A409402420286D00D8B0C1 /* Level14.sks in Resources */,
				56A4093F2420286D00D8B0C1 /* Level13.sks in Resources */,
				56E6F975241AA08000F5B93E /* click.mp3 in Resources */,
				56A409412420286D00D8B0C1 /* Level12.sks in Resources */,
				56A40944242145A900D8B0C1 /* GoogleService-Info.plist in Resources */,
				5631E6DB241FFFE2007893E6 /* Level6.sks in Resources */,
				56A409422420286D00D8B0C1 /* Level15.sks in Resources */,
				5631E6D9241FFFE2007893E6 /* Level9.sks in Resources */,
			);
			runOnlyForDeploymentPostprocessing = 0;
		};
		568FB07A240EDCEB0051C89B /* Resources */ = {
			isa = PBXResourcesBuildPhase;
			buildActionMask = 2147483647;
			files = (
			);
			runOnlyForDeploymentPostprocessing = 0;
		};
		568FB085240EDCEB0051C89B /* Resources */ = {
			isa = PBXResourcesBuildPhase;
			buildActionMask = 2147483647;
			files = (
			);
			runOnlyForDeploymentPostprocessing = 0;
		};
/* End PBXResourcesBuildPhase section */

/* Begin PBXShellScriptBuildPhase section */
		3A371D37267FBD7DC352C208 /* [CP] Check Pods Manifest.lock */ = {
			isa = PBXShellScriptBuildPhase;
			buildActionMask = 2147483647;
			files = (
			);
			inputFileListPaths = (
			);
			inputPaths = (
				"${PODS_PODFILE_DIR_PATH}/Podfile.lock",
				"${PODS_ROOT}/Manifest.lock",
			);
			name = "[CP] Check Pods Manifest.lock";
			outputFileListPaths = (
			);
			outputPaths = (
				"$(DERIVED_FILE_DIR)/Pods-BarionGazal-checkManifestLockResult.txt",
			);
			runOnlyForDeploymentPostprocessing = 0;
			shellPath = /bin/sh;
			shellScript = "diff \"${PODS_PODFILE_DIR_PATH}/Podfile.lock\" \"${PODS_ROOT}/Manifest.lock\" > /dev/null\nif [ $? != 0 ] ; then\n    # print error to STDERR\n    echo \"error: The sandbox is not in sync with the Podfile.lock. Run 'pod install' or update your CocoaPods installation.\" >&2\n    exit 1\nfi\n# This output is used by Xcode 'outputs' to avoid re-running this script phase.\necho \"SUCCESS\" > \"${SCRIPT_OUTPUT_FILE_0}\"\n";
			showEnvVarsInLog = 0;
		};
		8398CF6C24B4D73340B7A74E /* [CP] Check Pods Manifest.lock */ = {
			isa = PBXShellScriptBuildPhase;
			buildActionMask = 2147483647;
			files = (
			);
			inputFileListPaths = (
			);
			inputPaths = (
				"${PODS_PODFILE_DIR_PATH}/Podfile.lock",
				"${PODS_ROOT}/Manifest.lock",
			);
			name = "[CP] Check Pods Manifest.lock";
			outputFileListPaths = (
			);
			outputPaths = (
				"$(DERIVED_FILE_DIR)/Pods-BarionGazalTests-checkManifestLockResult.txt",
			);
			runOnlyForDeploymentPostprocessing = 0;
			shellPath = /bin/sh;
			shellScript = "diff \"${PODS_PODFILE_DIR_PATH}/Podfile.lock\" \"${PODS_ROOT}/Manifest.lock\" > /dev/null\nif [ $? != 0 ] ; then\n    # print error to STDERR\n    echo \"error: The sandbox is not in sync with the Podfile.lock. Run 'pod install' or update your CocoaPods installation.\" >&2\n    exit 1\nfi\n# This output is used by Xcode 'outputs' to avoid re-running this script phase.\necho \"SUCCESS\" > \"${SCRIPT_OUTPUT_FILE_0}\"\n";
			showEnvVarsInLog = 0;
		};
		BAB8DCD633D3F66FE58EC229 /* [CP] Check Pods Manifest.lock */ = {
			isa = PBXShellScriptBuildPhase;
			buildActionMask = 2147483647;
			files = (
			);
			inputFileListPaths = (
			);
			inputPaths = (
				"${PODS_PODFILE_DIR_PATH}/Podfile.lock",
				"${PODS_ROOT}/Manifest.lock",
			);
			name = "[CP] Check Pods Manifest.lock";
			outputFileListPaths = (
			);
			outputPaths = (
				"$(DERIVED_FILE_DIR)/Pods-BarionGazal-BarionGazalUITests-checkManifestLockResult.txt",
			);
			runOnlyForDeploymentPostprocessing = 0;
			shellPath = /bin/sh;
			shellScript = "diff \"${PODS_PODFILE_DIR_PATH}/Podfile.lock\" \"${PODS_ROOT}/Manifest.lock\" > /dev/null\nif [ $? != 0 ] ; then\n    # print error to STDERR\n    echo \"error: The sandbox is not in sync with the Podfile.lock. Run 'pod install' or update your CocoaPods installation.\" >&2\n    exit 1\nfi\n# This output is used by Xcode 'outputs' to avoid re-running this script phase.\necho \"SUCCESS\" > \"${SCRIPT_OUTPUT_FILE_0}\"\n";
			showEnvVarsInLog = 0;
		};
		D06D2B1B9CCC7F8BD865FEF6 /* [CP] Embed Pods Frameworks */ = {
			isa = PBXShellScriptBuildPhase;
			buildActionMask = 2147483647;
			files = (
			);
			inputFileListPaths = (
				"${PODS_ROOT}/Target Support Files/Pods-BarionGazal/Pods-BarionGazal-frameworks-${CONFIGURATION}-input-files.xcfilelist",
			);
			name = "[CP] Embed Pods Frameworks";
			outputFileListPaths = (
				"${PODS_ROOT}/Target Support Files/Pods-BarionGazal/Pods-BarionGazal-frameworks-${CONFIGURATION}-output-files.xcfilelist",
			);
			runOnlyForDeploymentPostprocessing = 0;
			shellPath = /bin/sh;
			shellScript = "\"${PODS_ROOT}/Target Support Files/Pods-BarionGazal/Pods-BarionGazal-frameworks.sh\"\n";
			showEnvVarsInLog = 0;
		};
		D9E2053D7F3B1CF002A4E6D0 /* [CP] Embed Pods Frameworks */ = {
			isa = PBXShellScriptBuildPhase;
			buildActionMask = 2147483647;
			files = (
			);
			inputFileListPaths = (
				"${PODS_ROOT}/Target Support Files/Pods-BarionGazal-BarionGazalUITests/Pods-BarionGazal-BarionGazalUITests-frameworks-${CONFIGURATION}-input-files.xcfilelist",
			);
			name = "[CP] Embed Pods Frameworks";
			outputFileListPaths = (
				"${PODS_ROOT}/Target Support Files/Pods-BarionGazal-BarionGazalUITests/Pods-BarionGazal-BarionGazalUITests-frameworks-${CONFIGURATION}-output-files.xcfilelist",
			);
			runOnlyForDeploymentPostprocessing = 0;
			shellPath = /bin/sh;
			shellScript = "\"${PODS_ROOT}/Target Support Files/Pods-BarionGazal-BarionGazalUITests/Pods-BarionGazal-BarionGazalUITests-frameworks.sh\"\n";
			showEnvVarsInLog = 0;
		};
/* End PBXShellScriptBuildPhase section */

/* Begin PBXSourcesBuildPhase section */
		568FB05E240EDCE60051C89B /* Sources */ = {
			isa = PBXSourcesBuildPhase;
			buildActionMask = 2147483647;
			files = (
				56762A1B24102FD900952ECE /* FaseCollectionViewCell.swift in Sources */,
				568FB06C240EDCE60051C89B /* GameScene.swift in Sources */,
				56E6F971241A9F5500F5B93E /* SoundEffects.swift in Sources */,
				56E6F9692419DFED00F5B93E /* EditableView.swift in Sources */,
				56E6F9652419DAC000F5B93E /* CircledButton.swift in Sources */,
				568FB06E240EDCE60051C89B /* GameViewController.swift in Sources */,
				56E6F970241A9F5500F5B93E /* Song.swift in Sources */,
				56762A1E24104E7400952ECE /* Model.swift in Sources */,
				56E6F977241AA14B00F5B93E /* StartViewController.swift in Sources */,
				56E6F979241AAD6E00F5B93E /* SettingsViewController.swift in Sources */,
				568FB066240EDCE60051C89B /* AppDelegate.swift in Sources */,
				56E6F96E241A9F5500F5B93E /* AudioLibrary.swift in Sources */,
				56E6F97B241AB60F00F5B93E /* GameOverWonViewController.swift in Sources */,
				56E6F96F241A9F5500F5B93E /* AudioManager.swift in Sources */,
				56762A1924102F5D00952ECE /* MenuViewController.swift in Sources */,
			);
			runOnlyForDeploymentPostprocessing = 0;
		};
		568FB078240EDCEB0051C89B /* Sources */ = {
			isa = PBXSourcesBuildPhase;
			buildActionMask = 2147483647;
			files = (
				568FB081240EDCEB0051C89B /* BarionGazalTests.swift in Sources */,
			);
			runOnlyForDeploymentPostprocessing = 0;
		};
		568FB083240EDCEB0051C89B /* Sources */ = {
			isa = PBXSourcesBuildPhase;
			buildActionMask = 2147483647;
			files = (
				568FB08C240EDCEB0051C89B /* BarionGazalUITests.swift in Sources */,
			);
			runOnlyForDeploymentPostprocessing = 0;
		};
/* End PBXSourcesBuildPhase section */

/* Begin PBXTargetDependency section */
		568FB07E240EDCEB0051C89B /* PBXTargetDependency */ = {
			isa = PBXTargetDependency;
			target = 568FB061240EDCE60051C89B /* BarionGazal */;
			targetProxy = 568FB07D240EDCEB0051C89B /* PBXContainerItemProxy */;
		};
		568FB089240EDCEB0051C89B /* PBXTargetDependency */ = {
			isa = PBXTargetDependency;
			target = 568FB061240EDCE60051C89B /* BarionGazal */;
			targetProxy = 568FB088240EDCEB0051C89B /* PBXContainerItemProxy */;
		};
/* End PBXTargetDependency section */

/* Begin PBXVariantGroup section */
		568FB06F240EDCE60051C89B /* Main.storyboard */ = {
			isa = PBXVariantGroup;
			children = (
				568FB070240EDCE60051C89B /* Base */,
			);
			name = Main.storyboard;
			sourceTree = "<group>";
		};
		568FB074240EDCEB0051C89B /* LaunchScreen.storyboard */ = {
			isa = PBXVariantGroup;
			children = (
				568FB075240EDCEB0051C89B /* Base */,
			);
			name = LaunchScreen.storyboard;
			sourceTree = "<group>";
		};
/* End PBXVariantGroup section */

/* Begin XCBuildConfiguration section */
		568FB08E240EDCEB0051C89B /* Debug */ = {
			isa = XCBuildConfiguration;
			buildSettings = {
				ALWAYS_SEARCH_USER_PATHS = NO;
				CLANG_ANALYZER_NONNULL = YES;
				CLANG_ANALYZER_NUMBER_OBJECT_CONVERSION = YES_AGGRESSIVE;
				CLANG_CXX_LANGUAGE_STANDARD = "gnu++14";
				CLANG_CXX_LIBRARY = "libc++";
				CLANG_ENABLE_MODULES = YES;
				CLANG_ENABLE_OBJC_ARC = YES;
				CLANG_ENABLE_OBJC_WEAK = YES;
				CLANG_WARN_BLOCK_CAPTURE_AUTORELEASING = YES;
				CLANG_WARN_BOOL_CONVERSION = YES;
				CLANG_WARN_COMMA = YES;
				CLANG_WARN_CONSTANT_CONVERSION = YES;
				CLANG_WARN_DEPRECATED_OBJC_IMPLEMENTATIONS = YES;
				CLANG_WARN_DIRECT_OBJC_ISA_USAGE = YES_ERROR;
				CLANG_WARN_DOCUMENTATION_COMMENTS = YES;
				CLANG_WARN_EMPTY_BODY = YES;
				CLANG_WARN_ENUM_CONVERSION = YES;
				CLANG_WARN_INFINITE_RECURSION = YES;
				CLANG_WARN_INT_CONVERSION = YES;
				CLANG_WARN_NON_LITERAL_NULL_CONVERSION = YES;
				CLANG_WARN_OBJC_IMPLICIT_RETAIN_SELF = YES;
				CLANG_WARN_OBJC_LITERAL_CONVERSION = YES;
				CLANG_WARN_OBJC_ROOT_CLASS = YES_ERROR;
				CLANG_WARN_RANGE_LOOP_ANALYSIS = YES;
				CLANG_WARN_STRICT_PROTOTYPES = YES;
				CLANG_WARN_SUSPICIOUS_MOVE = YES;
				CLANG_WARN_UNGUARDED_AVAILABILITY = YES_AGGRESSIVE;
				CLANG_WARN_UNREACHABLE_CODE = YES;
				CLANG_WARN__DUPLICATE_METHOD_MATCH = YES;
				COPY_PHASE_STRIP = NO;
				DEBUG_INFORMATION_FORMAT = dwarf;
				ENABLE_STRICT_OBJC_MSGSEND = YES;
				ENABLE_TESTABILITY = YES;
				GCC_C_LANGUAGE_STANDARD = gnu11;
				GCC_DYNAMIC_NO_PIC = NO;
				GCC_NO_COMMON_BLOCKS = YES;
				GCC_OPTIMIZATION_LEVEL = 0;
				GCC_PREPROCESSOR_DEFINITIONS = (
					"DEBUG=1",
					"$(inherited)",
				);
				GCC_WARN_64_TO_32_BIT_CONVERSION = YES;
				GCC_WARN_ABOUT_RETURN_TYPE = YES_ERROR;
				GCC_WARN_UNDECLARED_SELECTOR = YES;
				GCC_WARN_UNINITIALIZED_AUTOS = YES_AGGRESSIVE;
				GCC_WARN_UNUSED_FUNCTION = YES;
				GCC_WARN_UNUSED_VARIABLE = YES;
				IPHONEOS_DEPLOYMENT_TARGET = 13.2;
				MTL_ENABLE_DEBUG_INFO = INCLUDE_SOURCE;
				MTL_FAST_MATH = YES;
				ONLY_ACTIVE_ARCH = YES;
				SDKROOT = iphoneos;
				SWIFT_ACTIVE_COMPILATION_CONDITIONS = DEBUG;
				SWIFT_OPTIMIZATION_LEVEL = "-Onone";
			};
			name = Debug;
		};
		568FB08F240EDCEB0051C89B /* Release */ = {
			isa = XCBuildConfiguration;
			buildSettings = {
				ALWAYS_SEARCH_USER_PATHS = NO;
				CLANG_ANALYZER_NONNULL = YES;
				CLANG_ANALYZER_NUMBER_OBJECT_CONVERSION = YES_AGGRESSIVE;
				CLANG_CXX_LANGUAGE_STANDARD = "gnu++14";
				CLANG_CXX_LIBRARY = "libc++";
				CLANG_ENABLE_MODULES = YES;
				CLANG_ENABLE_OBJC_ARC = YES;
				CLANG_ENABLE_OBJC_WEAK = YES;
				CLANG_WARN_BLOCK_CAPTURE_AUTORELEASING = YES;
				CLANG_WARN_BOOL_CONVERSION = YES;
				CLANG_WARN_COMMA = YES;
				CLANG_WARN_CONSTANT_CONVERSION = YES;
				CLANG_WARN_DEPRECATED_OBJC_IMPLEMENTATIONS = YES;
				CLANG_WARN_DIRECT_OBJC_ISA_USAGE = YES_ERROR;
				CLANG_WARN_DOCUMENTATION_COMMENTS = YES;
				CLANG_WARN_EMPTY_BODY = YES;
				CLANG_WARN_ENUM_CONVERSION = YES;
				CLANG_WARN_INFINITE_RECURSION = YES;
				CLANG_WARN_INT_CONVERSION = YES;
				CLANG_WARN_NON_LITERAL_NULL_CONVERSION = YES;
				CLANG_WARN_OBJC_IMPLICIT_RETAIN_SELF = YES;
				CLANG_WARN_OBJC_LITERAL_CONVERSION = YES;
				CLANG_WARN_OBJC_ROOT_CLASS = YES_ERROR;
				CLANG_WARN_RANGE_LOOP_ANALYSIS = YES;
				CLANG_WARN_STRICT_PROTOTYPES = YES;
				CLANG_WARN_SUSPICIOUS_MOVE = YES;
				CLANG_WARN_UNGUARDED_AVAILABILITY = YES_AGGRESSIVE;
				CLANG_WARN_UNREACHABLE_CODE = YES;
				CLANG_WARN__DUPLICATE_METHOD_MATCH = YES;
				COPY_PHASE_STRIP = NO;
				DEBUG_INFORMATION_FORMAT = "dwarf-with-dsym";
				ENABLE_NS_ASSERTIONS = NO;
				ENABLE_STRICT_OBJC_MSGSEND = YES;
				GCC_C_LANGUAGE_STANDARD = gnu11;
				GCC_NO_COMMON_BLOCKS = YES;
				GCC_WARN_64_TO_32_BIT_CONVERSION = YES;
				GCC_WARN_ABOUT_RETURN_TYPE = YES_ERROR;
				GCC_WARN_UNDECLARED_SELECTOR = YES;
				GCC_WARN_UNINITIALIZED_AUTOS = YES_AGGRESSIVE;
				GCC_WARN_UNUSED_FUNCTION = YES;
				GCC_WARN_UNUSED_VARIABLE = YES;
				IPHONEOS_DEPLOYMENT_TARGET = 13.2;
				MTL_ENABLE_DEBUG_INFO = NO;
				MTL_FAST_MATH = YES;
				SDKROOT = iphoneos;
				SWIFT_COMPILATION_MODE = wholemodule;
				SWIFT_OPTIMIZATION_LEVEL = "-O";
				VALIDATE_PRODUCT = YES;
			};
			name = Release;
		};
		568FB091240EDCEB0051C89B /* Debug */ = {
			isa = XCBuildConfiguration;
			baseConfigurationReference = 8D4740330A1F35FE606E2B7A /* Pods-BarionGazal.debug.xcconfig */;
			buildSettings = {
				ASSETCATALOG_COMPILER_APPICON_NAME = AppIcon;
				CODE_SIGN_STYLE = Automatic;
				CURRENT_PROJECT_VERSION = 2;
				DEVELOPMENT_TEAM = 7994PXZY59;
				INFOPLIST_FILE = BarionGazal/Info.plist;
				LD_RUNPATH_SEARCH_PATHS = (
					"$(inherited)",
					"@executable_path/Frameworks",
				);
				MARKETING_VERSION = 1.1;
				PRODUCT_BUNDLE_IDENTIFIER = com.emotionalBlocks;
				PRODUCT_NAME = "Emotional Blocks";
				SWIFT_VERSION = 5.0;
				TARGETED_DEVICE_FAMILY = "1,2";
			};
			name = Debug;
		};
		568FB092240EDCEB0051C89B /* Release */ = {
			isa = XCBuildConfiguration;
			baseConfigurationReference = 57753C0245A08673621F98B0 /* Pods-BarionGazal.release.xcconfig */;
			buildSettings = {
				ASSETCATALOG_COMPILER_APPICON_NAME = AppIcon;
				CODE_SIGN_STYLE = Automatic;
				CURRENT_PROJECT_VERSION = 2;
				DEVELOPMENT_TEAM = 7994PXZY59;
				INFOPLIST_FILE = BarionGazal/Info.plist;
				LD_RUNPATH_SEARCH_PATHS = (
					"$(inherited)",
					"@executable_path/Frameworks",
				);
				MARKETING_VERSION = 1.1;
				PRODUCT_BUNDLE_IDENTIFIER = com.emotionalBlocks;
				PRODUCT_NAME = "Emotional Blocks";
				SWIFT_VERSION = 5.0;
				TARGETED_DEVICE_FAMILY = "1,2";
			};
			name = Release;
		};
		568FB094240EDCEB0051C89B /* Debug */ = {
			isa = XCBuildConfiguration;
			baseConfigurationReference = 2F9B36BA23E717B7C1C0F32E /* Pods-BarionGazalTests.debug.xcconfig */;
			buildSettings = {
				ALWAYS_EMBED_SWIFT_STANDARD_LIBRARIES = YES;
				BUNDLE_LOADER = "$(TEST_HOST)";
				CODE_SIGN_STYLE = Automatic;
				INFOPLIST_FILE = BarionGazalTests/Info.plist;
				IPHONEOS_DEPLOYMENT_TARGET = 13.2;
				LD_RUNPATH_SEARCH_PATHS = (
					"$(inherited)",
					"@executable_path/Frameworks",
					"@loader_path/Frameworks",
				);
				PRODUCT_BUNDLE_IDENTIFIER = com.nano4.BarionGazalTests;
				PRODUCT_NAME = "$(TARGET_NAME)";
				SWIFT_VERSION = 5.0;
				TARGETED_DEVICE_FAMILY = "1,2";
				TEST_HOST = "$(BUILT_PRODUCTS_DIR)/BarionGazal.app/BarionGazal";
			};
			name = Debug;
		};
		568FB095240EDCEB0051C89B /* Release */ = {
			isa = XCBuildConfiguration;
			baseConfigurationReference = 6663E585FD34D78287E9712E /* Pods-BarionGazalTests.release.xcconfig */;
			buildSettings = {
				ALWAYS_EMBED_SWIFT_STANDARD_LIBRARIES = YES;
				BUNDLE_LOADER = "$(TEST_HOST)";
				CODE_SIGN_STYLE = Automatic;
				INFOPLIST_FILE = BarionGazalTests/Info.plist;
				IPHONEOS_DEPLOYMENT_TARGET = 13.2;
				LD_RUNPATH_SEARCH_PATHS = (
					"$(inherited)",
					"@executable_path/Frameworks",
					"@loader_path/Frameworks",
				);
				PRODUCT_BUNDLE_IDENTIFIER = com.nano4.BarionGazalTests;
				PRODUCT_NAME = "$(TARGET_NAME)";
				SWIFT_VERSION = 5.0;
				TARGETED_DEVICE_FAMILY = "1,2";
				TEST_HOST = "$(BUILT_PRODUCTS_DIR)/BarionGazal.app/BarionGazal";
			};
			name = Release;
		};
		568FB097240EDCEB0051C89B /* Debug */ = {
			isa = XCBuildConfiguration;
			baseConfigurationReference = 24355588AB7E67DABE85E2C1 /* Pods-BarionGazal-BarionGazalUITests.debug.xcconfig */;
			buildSettings = {
				ALWAYS_EMBED_SWIFT_STANDARD_LIBRARIES = YES;
				CODE_SIGN_STYLE = Automatic;
				INFOPLIST_FILE = BarionGazalUITests/Info.plist;
				LD_RUNPATH_SEARCH_PATHS = (
					"$(inherited)",
					"@executable_path/Frameworks",
					"@loader_path/Frameworks",
				);
				PRODUCT_BUNDLE_IDENTIFIER = com.nano4.BarionGazalUITests;
				PRODUCT_NAME = "$(TARGET_NAME)";
				SWIFT_VERSION = 5.0;
				TARGETED_DEVICE_FAMILY = "1,2";
				TEST_TARGET_NAME = BarionGazal;
			};
			name = Debug;
		};
		568FB098240EDCEB0051C89B /* Release */ = {
			isa = XCBuildConfiguration;
			baseConfigurationReference = 649D83FB7F80D4949B478029 /* Pods-BarionGazal-BarionGazalUITests.release.xcconfig */;
			buildSettings = {
				ALWAYS_EMBED_SWIFT_STANDARD_LIBRARIES = YES;
				CODE_SIGN_STYLE = Automatic;
				INFOPLIST_FILE = BarionGazalUITests/Info.plist;
				LD_RUNPATH_SEARCH_PATHS = (
					"$(inherited)",
					"@executable_path/Frameworks",
					"@loader_path/Frameworks",
				);
				PRODUCT_BUNDLE_IDENTIFIER = com.nano4.BarionGazalUITests;
				PRODUCT_NAME = "$(TARGET_NAME)";
				SWIFT_VERSION = 5.0;
				TARGETED_DEVICE_FAMILY = "1,2";
				TEST_TARGET_NAME = BarionGazal;
			};
			name = Release;
		};
/* End XCBuildConfiguration section */

/* Begin XCConfigurationList section */
		568FB05D240EDCE60051C89B /* Build configuration list for PBXProject "BarionGazal" */ = {
			isa = XCConfigurationList;
			buildConfigurations = (
				568FB08E240EDCEB0051C89B /* Debug */,
				568FB08F240EDCEB0051C89B /* Release */,
			);
			defaultConfigurationIsVisible = 0;
			defaultConfigurationName = Release;
		};
		568FB090240EDCEB0051C89B /* Build configuration list for PBXNativeTarget "BarionGazal" */ = {
			isa = XCConfigurationList;
			buildConfigurations = (
				568FB091240EDCEB0051C89B /* Debug */,
				568FB092240EDCEB0051C89B /* Release */,
			);
			defaultConfigurationIsVisible = 0;
			defaultConfigurationName = Release;
		};
		568FB093240EDCEB0051C89B /* Build configuration list for PBXNativeTarget "BarionGazalTests" */ = {
			isa = XCConfigurationList;
			buildConfigurations = (
				568FB094240EDCEB0051C89B /* Debug */,
				568FB095240EDCEB0051C89B /* Release */,
			);
			defaultConfigurationIsVisible = 0;
			defaultConfigurationName = Release;
		};
		568FB096240EDCEB0051C89B /* Build configuration list for PBXNativeTarget "BarionGazalUITests" */ = {
			isa = XCConfigurationList;
			buildConfigurations = (
				568FB097240EDCEB0051C89B /* Debug */,
				568FB098240EDCEB0051C89B /* Release */,
			);
			defaultConfigurationIsVisible = 0;
			defaultConfigurationName = Release;
		};
/* End XCConfigurationList section */
	};
	rootObject = 568FB05A240EDCE60051C89B /* Project object */;
}
